# This file is automatically @generated by Wally.
# It is not intended for manual editing.
registry = "test"

[[package]]
name = "alicesaidhi/jabby"
version = "0.2.0-rc.9"
dependencies = [["jecs", "ukendio/jecs@0.5.3"], ["pebble", "alicesaidhi/pebble@0.1.1"], ["vide", "centau/vide@0.3.1"]]

[[package]]
name = "alicesaidhi/pebble"
version = "0.1.1"
dependencies = [["vide", "centau/vide@0.3.1"]]

[[package]]
name = "centau/vide"
version = "0.3.1"
dependencies = []

[[package]]
name = "ukendio/jecs"
version = "0.5.3"
dependencies = []

[[package]]
name = "yetanotherclown/planck-jabby"
version = "0.2.0-rc.1"
dependencies = [["jabby", "alicesaidhi/jabby@0.2.0-rc.9"]]
